# THIS IS AN AUTOGENERATED FILE. DO NOT EDIT THIS FILE DIRECTLY.
# yarn lockfile v1


gsap@^3.12.7:
  version "3.12.7"
  resolved "https://registry.yarnpkg.com/gsap/-/gsap-3.12.7.tgz#1b690def901ac9b21d4909f39c2b52418154463d"
  integrity sha512-V4GsyVamhmKefvcAKaoy0h6si0xX7ogwBoBSs2CTJwt7luW0oZzC0LhdkyuKV8PJAXr7Yaj8pMjCKD4GJ+eEMg==

swiper@^11.2.3:
  version "11.2.3"
  resolved "https://registry.npmjs.org/swiper/-/swiper-11.2.3.tgz"
  integrity sha512-24m5tqHCd1Wmp9+86aKDoIGMsZGEjIL++3nuB1UjhAhIlvwj4k0Jikxu9PGQ/VswLpoje6JtMDWo12uu4aS2FA==
